
Microsoft Visual Studio Solution File, Format Version 12.00
# Visual Studio Version 17
VisualStudioVersion = 17.0.32014.148
MinimumVisualStudioVersion = 10.0.40219.1
Project("{9A19103F-16F7-4668-BE54-9A1E7A4F7556}") = "MY.MS.Entities", "MY.MS.Entities\MY.MS.Entities.csproj", "{D70D4B59-0ED3-4B64-9BF3-5D9411AFC0EA}"
EndProject
Project("{9A19103F-16F7-4668-BE54-9A1E7A4F7556}") = "MY.MS.DataLibrary", "MY.MS.DataLibrary\MY.MS.DataLibrary.csproj", "{A416E6EE-01E1-40F5-9FA4-335715192D00}"
EndProject
Project("{9A19103F-16F7-4668-BE54-9A1E7A4F7556}") = "MY.MS.BusinessLayer", "MY.MS.BusinessLayer\MY.MS.BusinessLayer.csproj", "{67AE83E1-79A9-4EE2-8CCA-901C3D1D4552}"
EndProject
Project("{FAE04EC0-301F-11D3-BF4B-00C04F79EFBC}") = "MY.MS.Project3", "MY.MS.Project3\MY.MS.Project3.csproj", "{7FC353F4-9DAB-476F-BA4C-F79F50D10D80}"
EndProject
Global
	GlobalSection(SolutionConfigurationPlatforms) = preSolution
		Debug|Any CPU = Debug|Any CPU
		Release|Any CPU = Release|Any CPU
	EndGlobalSection
	GlobalSection(ProjectConfigurationPlatforms) = postSolution
		{D70D4B59-0ED3-4B64-9BF3-5D9411AFC0EA}.Debug|Any CPU.ActiveCfg = Debug|Any CPU
		{D70D4B59-0ED3-4B64-9BF3-5D9411AFC0EA}.Debug|Any CPU.Build.0 = Debug|Any CPU
		{D70D4B59-0ED3-4B64-9BF3-5D9411AFC0EA}.Release|Any CPU.ActiveCfg = Release|Any CPU
		{D70D4B59-0ED3-4B64-9BF3-5D9411AFC0EA}.Release|Any CPU.Build.0 = Release|Any CPU
		{A416E6EE-01E1-40F5-9FA4-335715192D00}.Debug|Any CPU.ActiveCfg = Debug|Any CPU
		{A416E6EE-01E1-40F5-9FA4-335715192D00}.Debug|Any CPU.Build.0 = Debug|Any CPU
		{A416E6EE-01E1-40F5-9FA4-335715192D00}.Release|Any CPU.ActiveCfg = Release|Any CPU
		{A416E6EE-01E1-40F5-9FA4-335715192D00}.Release|Any CPU.Build.0 = Release|Any CPU
		{67AE83E1-79A9-4EE2-8CCA-901C3D1D4552}.Debug|Any CPU.ActiveCfg = Debug|Any CPU
		{67AE83E1-79A9-4EE2-8CCA-901C3D1D4552}.Debug|Any CPU.Build.0 = Debug|Any CPU
		{67AE83E1-79A9-4EE2-8CCA-901C3D1D4552}.Release|Any CPU.ActiveCfg = Release|Any CPU
		{67AE83E1-79A9-4EE2-8CCA-901C3D1D4552}.Release|Any CPU.Build.0 = Release|Any CPU
		{7FC353F4-9DAB-476F-BA4C-F79F50D10D80}.Debug|Any CPU.ActiveCfg = Debug|Any CPU
		{7FC353F4-9DAB-476F-BA4C-F79F50D10D80}.Debug|Any CPU.Build.0 = Debug|Any CPU
		{7FC353F4-9DAB-476F-BA4C-F79F50D10D80}.Release|Any CPU.ActiveCfg = Release|Any CPU
		{7FC353F4-9DAB-476F-BA4C-F79F50D10D80}.Release|Any CPU.Build.0 = Release|Any CPU
	EndGlobalSection
	GlobalSection(SolutionProperties) = preSolution
		HideSolutionNode = FALSE
	EndGlobalSection
	GlobalSection(ExtensibilityGlobals) = postSolution
		SolutionGuid = {EF17DAB0-5C42-43EB-B810-1B31E8ED934F}
	EndGlobalSection
EndGlobal
